
Microsoft Visual Studio Solution File, Format Version 12.00
# Visual Studio Version 17
VisualStudioVersion = 17.4.33213.308
MinimumVisualStudioVersion = 10.0.40219.1
Project("{FAE04EC0-301F-11D3-BF4B-00C04F79EFBC}") = "Teams-KeepAwake", "Teams-KeepAwake\Teams-KeepAwake.csproj", "{856C4E50-54DC-4DAD-8CE9-B1F33985443D}"
EndProject
Global
	GlobalSection(SolutionConfigurationPlatforms) = preSolution
		Debug|Any CPU = Debug|Any CPU
		Release|Any CPU = Release|Any CPU
	EndGlobalSection
	GlobalSection(ProjectConfigurationPlatforms) = postSolution
		{856C4E50-54DC-4DAD-8CE9-B1F33985443D}.Debug|Any CPU.ActiveCfg = Debug|Any CPU
		{856C4E50-54DC-4DAD-8CE9-B1F33985443D}.Debug|Any CPU.Build.0 = Debug|Any CPU
		{856C4E50-54DC-4DAD-8CE9-B1F33985443D}.Release|Any CPU.ActiveCfg = Release|Any CPU
		{856C4E50-54DC-4DAD-8CE9-B1F33985443D}.Release|Any CPU.Build.0 = Release|Any CPU
	EndGlobalSection
	GlobalSection(SolutionProperties) = preSolution
		HideSolutionNode = FALSE
	EndGlobalSection
	GlobalSection(ExtensibilityGlobals) = postSolution
		SolutionGuid = {F46996D9-A2F5-4487-99AD-4C3B8F142B06}
	EndGlobalSection
EndGlobal
